{
  "nodes": {
    "nixpkgs": {
      "locked": {
        "lastModified": 1778030758,
        "narHash": "sha256-8TXoMiLNpcYoKtglB6VK3zgcFw2elthUOL/1bmLBTkA=",
        "owner": "NixOS",
        "repo": "nixpkgs",
        "rev": "e3f3598f6dcc165901cf6e07d0f7c22a09df6b1c",
        "type": "github"
      },
      "original": {
        "owner": "NixOS",
        "ref": "nixpkgs-25.11-darwin",
        "repo": "nixpkgs",
        "type": "github"
      }
    },
    "root": {
      "inputs": {
        "nixpkgs": "nixpkgs"
      }
    }
  },
  "root": "root",
  "version": 7
}
